// !$*UTF8*$!
{
	archiveVersion = 1;
	classes = {
	};
	objectVersion = 46;
	objects = {

/* Begin PBXBuildFile section */
		940C9ABB1B9BB74900328168 /* libSuperpoweredXCodeWrapper.a in Frameworks */ = {isa = PBXBuildFile; fileRef = 940C9AAF1B9BB74900328168 /* libSuperpoweredXCodeWrapper.a */; };
		940C9ACC1B9BB8EC00328168 /* SuperpoweredBandpassFilterbankXCodeWrapper.cpp in Sources */ = {isa = PBXBuildFile; fileRef = 940C9ACA1B9BB8EC00328168 /* SuperpoweredBandpassFilterbankXCodeWrapper.cpp */; };
		9460EAC81B9BF06C0075EF8E /* SuperpoweredSimpleXCodeWrapper.cpp in Sources */ = {isa = PBXBuildFile; fileRef = 9460EAC61B9BF06C0075EF8E /* SuperpoweredSimpleXCodeWrapper.cpp */; };
		9460EACB1B9BF3300075EF8E /* SuperpoweredWrapperUtilities.cpp in Sources */ = {isa = PBXBuildFile; fileRef = 9460EAC91B9BF3300075EF8E /* SuperpoweredWrapperUtilities.cpp */; };
		94B593C11BAADD230069E3FD /* SuperpoweredFrequencies.mm in Sources */ = {isa = PBXBuildFile; fileRef = 94B593BE1BAADD230069E3FD /* SuperpoweredFrequencies.mm */; };
		94B593C21BAADD230069E3FD /* SuperpoweredIOSAudioOutput.mm in Sources */ = {isa = PBXBuildFile; fileRef = 94B593C01BAADD230069E3FD /* SuperpoweredIOSAudioOutput.mm */; };
/* End PBXBuildFile section */

/* Begin PBXContainerItemProxy section */
		940C9ABC1B9BB74900328168 /* PBXContainerItemProxy */ = {
			isa = PBXContainerItemProxy;
			containerPortal = 940C9AA71B9BB74900328168 /* Project object */;
			proxyType = 1;
			remoteGlobalIDString = 940C9AAE1B9BB74900328168;
			remoteInfo = SuperpoweredXCodeWrapper;
		};
/* End PBXContainerItemProxy section */

/* Begin PBXCopyFilesBuildPhase section */
		940C9AAD1B9BB74900328168 /* CopyFiles */ = {
			isa = PBXCopyFilesBuildPhase;
			buildActionMask = 2147483647;
			dstPath = "include/$(PRODUCT_NAME)";
			dstSubfolderSpec = 16;
			files = (
			);
			runOnlyForDeploymentPostprocessing = 0;
		};
/* End PBXCopyFilesBuildPhase section */

/* Begin PBXFileReference section */
		940C9AAF1B9BB74900328168 /* libSuperpoweredXCodeWrapper.a */ = {isa = PBXFileReference; explicitFileType = archive.ar; includeInIndex = 0; path = libSuperpoweredXCodeWrapper.a; sourceTree = BUILT_PRODUCTS_DIR; };
		940C9ABA1B9BB74900328168 /* SuperpoweredXCodeWrapperTests.xctest */ = {isa = PBXFileReference; explicitFileType = wrapper.cfbundle; includeInIndex = 0; path = SuperpoweredXCodeWrapperTests.xctest; sourceTree = BUILT_PRODUCTS_DIR; };
		940C9AC01B9BB74900328168 /* Info.plist */ = {isa = PBXFileReference; lastKnownFileType = text.plist.xml; path = Info.plist; sourceTree = "<group>"; };
		940C9ACA1B9BB8EC00328168 /* SuperpoweredBandpassFilterbankXCodeWrapper.cpp */ = {isa = PBXFileReference; fileEncoding = 4; lastKnownFileType = sourcecode.cpp.cpp; path = SuperpoweredBandpassFilterbankXCodeWrapper.cpp; sourceTree = "<group>"; };
		940C9ACB1B9BB8EC00328168 /* SuperpoweredBandpassFilterbankXCodeWrapper.h */ = {isa = PBXFileReference; fileEncoding = 4; lastKnownFileType = sourcecode.c.h; path = SuperpoweredBandpassFilterbankXCodeWrapper.h; sourceTree = "<group>"; };
		940C9ACE1B9BB91400328168 /* SuperpoweredBandpassFilterbank.h */ = {isa = PBXFileReference; fileEncoding = 4; lastKnownFileType = sourcecode.c.h; path = SuperpoweredBandpassFilterbank.h; sourceTree = "<group>"; };
		9460EAC51B9BF0350075EF8E /* SuperpoweredSimple.h */ = {isa = PBXFileReference; fileEncoding = 4; lastKnownFileType = sourcecode.c.h; path = SuperpoweredSimple.h; sourceTree = "<group>"; };
		9460EAC61B9BF06C0075EF8E /* SuperpoweredSimpleXCodeWrapper.cpp */ = {isa = PBXFileReference; fileEncoding = 4; lastKnownFileType = sourcecode.cpp.cpp; path = SuperpoweredSimpleXCodeWrapper.cpp; sourceTree = "<group>"; };
		9460EAC71B9BF06C0075EF8E /* SuperpoweredSimpleXCodeWrapper.h */ = {isa = PBXFileReference; fileEncoding = 4; lastKnownFileType = sourcecode.c.h; path = SuperpoweredSimpleXCodeWrapper.h; sourceTree = "<group>"; };
		9460EAC91B9BF3300075EF8E /* SuperpoweredWrapperUtilities.cpp */ = {isa = PBXFileReference; fileEncoding = 4; lastKnownFileType = sourcecode.cpp.cpp; path = SuperpoweredWrapperUtilities.cpp; sourceTree = "<group>"; };
		9460EACA1B9BF3300075EF8E /* SuperpoweredWrapperUtilities.h */ = {isa = PBXFileReference; fileEncoding = 4; lastKnownFileType = sourcecode.c.h; path = SuperpoweredWrapperUtilities.h; sourceTree = "<group>"; };
		94B593BD1BAADD230069E3FD /* SuperpoweredFrequencies.h */ = {isa = PBXFileReference; fileEncoding = 4; lastKnownFileType = sourcecode.c.h; path = SuperpoweredFrequencies.h; sourceTree = "<group>"; };
		94B593BE1BAADD230069E3FD /* SuperpoweredFrequencies.mm */ = {isa = PBXFileReference; fileEncoding = 4; lastKnownFileType = sourcecode.cpp.objcpp; path = SuperpoweredFrequencies.mm; sourceTree = "<group>"; };
		94B593BF1BAADD230069E3FD /* SuperpoweredIOSAudioOutput.h */ = {isa = PBXFileReference; fileEncoding = 4; lastKnownFileType = sourcecode.c.h; path = SuperpoweredIOSAudioOutput.h; sourceTree = "<group>"; };
		94B593C01BAADD230069E3FD /* SuperpoweredIOSAudioOutput.mm */ = {isa = PBXFileReference; fileEncoding = 4; lastKnownFileType = sourcecode.cpp.objcpp; path = SuperpoweredIOSAudioOutput.mm; sourceTree = "<group>"; };
/* End PBXFileReference section */

/* Begin PBXFrameworksBuildPhase section */
		940C9AAC1B9BB74900328168 /* Frameworks */ = {
			isa = PBXFrameworksBuildPhase;
			buildActionMask = 2147483647;
			files = (
			);
			runOnlyForDeploymentPostprocessing = 0;
		};
		940C9AB71B9BB74900328168 /* Frameworks */ = {
			isa = PBXFrameworksBuildPhase;
			buildActionMask = 2147483647;
			files = (
				940C9ABB1B9BB74900328168 /* libSuperpoweredXCodeWrapper.a in Frameworks */,
			);
			runOnlyForDeploymentPostprocessing = 0;
		};
/* End PBXFrameworksBuildPhase section */

/* Begin PBXGroup section */
		940C9AA61B9BB74900328168 = {
			isa = PBXGroup;
			children = (
				940C9ACD1B9BB8F900328168 /* SuperpoweredSDK */,
				940C9AB11B9BB74900328168 /* SuperpoweredXCodeWrapper */,
				940C9ABE1B9BB74900328168 /* SuperpoweredXCodeWrapperTests */,
				940C9AB01B9BB74900328168 /* Products */,
			);
			sourceTree = "<group>";
		};
		940C9AB01B9BB74900328168 /* Products */ = {
			isa = PBXGroup;
			children = (
				940C9AAF1B9BB74900328168 /* libSuperpoweredXCodeWrapper.a */,
				940C9ABA1B9BB74900328168 /* SuperpoweredXCodeWrapperTests.xctest */,
			);
			name = Products;
			sourceTree = "<group>";
		};
		940C9AB11B9BB74900328168 /* SuperpoweredXCodeWrapper */ = {
			isa = PBXGroup;
			children = (
				940C9ACA1B9BB8EC00328168 /* SuperpoweredBandpassFilterbankXCodeWrapper.cpp */,
				940C9ACB1B9BB8EC00328168 /* SuperpoweredBandpassFilterbankXCodeWrapper.h */,
				9460EAC61B9BF06C0075EF8E /* SuperpoweredSimpleXCodeWrapper.cpp */,
				9460EAC71B9BF06C0075EF8E /* SuperpoweredSimpleXCodeWrapper.h */,
				9460EAC91B9BF3300075EF8E /* SuperpoweredWrapperUtilities.cpp */,
				9460EACA1B9BF3300075EF8E /* SuperpoweredWrapperUtilities.h */,
			);
			path = SuperpoweredXCodeWrapper;
			sourceTree = "<group>";
		};
		940C9ABE1B9BB74900328168 /* SuperpoweredXCodeWrapperTests */ = {
			isa = PBXGroup;
			children = (
				940C9ABF1B9BB74900328168 /* Supporting Files */,
			);
			path = SuperpoweredXCodeWrapperTests;
			sourceTree = "<group>";
		};
		940C9ABF1B9BB74900328168 /* Supporting Files */ = {
			isa = PBXGroup;
			children = (
				940C9AC01B9BB74900328168 /* Info.plist */,
			);
			name = "Supporting Files";
			sourceTree = "<group>";
		};
		940C9ACD1B9BB8F900328168 /* SuperpoweredSDK */ = {
			isa = PBXGroup;
			children = (
				94B593BD1BAADD230069E3FD /* SuperpoweredFrequencies.h */,
				94B593BE1BAADD230069E3FD /* SuperpoweredFrequencies.mm */,
				94B593BF1BAADD230069E3FD /* SuperpoweredIOSAudioOutput.h */,
				94B593C01BAADD230069E3FD /* SuperpoweredIOSAudioOutput.mm */,
				9460EAC51B9BF0350075EF8E /* SuperpoweredSimple.h */,
				940C9ACE1B9BB91400328168 /* SuperpoweredBandpassFilterbank.h */,
			);
			name = SuperpoweredSDK;
			sourceTree = "<group>";
		};
/* End PBXGroup section */

/* Begin PBXNativeTarget section */
		940C9AAE1B9BB74900328168 /* SuperpoweredXCodeWrapper */ = {
			isa = PBXNativeTarget;
			buildConfigurationList = 940C9AC31B9BB74900328168 /* Build configuration list for PBXNativeTarget "SuperpoweredXCodeWrapper" */;
			buildPhases = (
				940C9AAB1B9BB74900328168 /* Sources */,
				940C9AAC1B9BB74900328168 /* Frameworks */,
				940C9AAD1B9BB74900328168 /* CopyFiles */,
			);
			buildRules = (
			);
			dependencies = (
			);
			name = SuperpoweredXCodeWrapper;
			productName = SuperpoweredXCodeWrapper;
			productReference = 940C9AAF1B9BB74900328168 /* libSuperpoweredXCodeWrapper.a */;
			productType = "com.apple.product-type.library.static";
		};
		940C9AB91B9BB74900328168 /* SuperpoweredXCodeWrapperTests */ = {
			isa = PBXNativeTarget;
			buildConfigurationList = 940C9AC61B9BB74900328168 /* Build configuration list for PBXNativeTarget "SuperpoweredXCodeWrapperTests" */;
			buildPhases = (
				940C9AB61B9BB74900328168 /* Sources */,
				940C9AB71B9BB74900328168 /* Frameworks */,
				940C9AB81B9BB74900328168 /* Resources */,
			);
			buildRules = (
			);
			dependencies = (
				940C9ABD1B9BB74900328168 /* PBXTargetDependency */,
			);
			name = SuperpoweredXCodeWrapperTests;
			productName = SuperpoweredXCodeWrapperTests;
			productReference = 940C9ABA1B9BB74900328168 /* SuperpoweredXCodeWrapperTests.xctest */;
			productType = "com.apple.product-type.bundle.unit-test";
		};
/* End PBXNativeTarget section */

/* Begin PBXProject section */
		940C9AA71B9BB74900328168 /* Project object */ = {
			isa = PBXProject;
			attributes = {
				LastUpgradeCheck = 0700;
				ORGANIZATIONNAME = "Bryon Baker";
				TargetAttributes = {
					940C9AAE1B9BB74900328168 = {
						CreatedOnToolsVersion = 6.4;
					};
					940C9AB91B9BB74900328168 = {
						CreatedOnToolsVersion = 6.4;
					};
				};
			};
			buildConfigurationList = 940C9AAA1B9BB74900328168 /* Build configuration list for PBXProject "SuperpoweredXCodeWrapper" */;
			compatibilityVersion = "Xcode 3.2";
			developmentRegion = English;
			hasScannedForEncodings = 0;
			knownRegions = (
				en,
			);
			mainGroup = 940C9AA61B9BB74900328168;
			productRefGroup = 940C9AB01B9BB74900328168 /* Products */;
			projectDirPath = "";
			projectRoot = "";
			targets = (
				940C9AAE1B9BB74900328168 /* SuperpoweredXCodeWrapper */,
				940C9AB91B9BB74900328168 /* SuperpoweredXCodeWrapperTests */,
			);
		};
/* End PBXProject section */

/* Begin PBXResourcesBuildPhase section */
		940C9AB81B9BB74900328168 /* Resources */ = {
			isa = PBXResourcesBuildPhase;
			buildActionMask = 2147483647;
			files = (
			);
			runOnlyForDeploymentPostprocessing = 0;
		};
/* End PBXResourcesBuildPhase section */

/* Begin PBXSourcesBuildPhase section */
		940C9AAB1B9BB74900328168 /* Sources */ = {
			isa = PBXSourcesBuildPhase;
			buildActionMask = 2147483647;
			files = (
				94B593C21BAADD230069E3FD /* SuperpoweredIOSAudioOutput.mm in Sources */,
				9460EACB1B9BF3300075EF8E /* SuperpoweredWrapperUtilities.cpp in Sources */,
				94B593C11BAADD230069E3FD /* SuperpoweredFrequencies.mm in Sources */,
				9460EAC81B9BF06C0075EF8E /* SuperpoweredSimpleXCodeWrapper.cpp in Sources */,
				940C9ACC1B9BB8EC00328168 /* SuperpoweredBandpassFilterbankXCodeWrapper.cpp in Sources */,
			);
			runOnlyForDeploymentPostprocessing = 0;
		};
		940C9AB61B9BB74900328168 /* Sources */ = {
			isa = PBXSourcesBuildPhase;
			buildActionMask = 2147483647;
			files = (
			);
			runOnlyForDeploymentPostprocessing = 0;
		};
/* End PBXSourcesBuildPhase section */

/* Begin PBXTargetDependency section */
		940C9ABD1B9BB74900328168 /* PBXTargetDependency */ = {
			isa = PBXTargetDependency;
			target = 940C9AAE1B9BB74900328168 /* SuperpoweredXCodeWrapper */;
			targetProxy = 940C9ABC1B9BB74900328168 /* PBXContainerItemProxy */;
		};
/* End PBXTargetDependency section */

/* Begin XCBuildConfiguration section */
		940C9AC11B9BB74900328168 /* Debug */ = {
			isa = XCBuildConfiguration;
			buildSettings = {
				ALWAYS_SEARCH_USER_PATHS = NO;
				CLANG_CXX_LANGUAGE_STANDARD = "gnu++0x";
				CLANG_CXX_LIBRARY = "libc++";
				CLANG_ENABLE_MODULES = YES;
				CLANG_ENABLE_OBJC_ARC = YES;
				CLANG_WARN_BOOL_CONVERSION = YES;
				CLANG_WARN_CONSTANT_CONVERSION = YES;
				CLANG_WARN_DIRECT_OBJC_ISA_USAGE = YES_ERROR;
				CLANG_WARN_EMPTY_BODY = YES;
				CLANG_WARN_ENUM_CONVERSION = YES;
				CLANG_WARN_INT_CONVERSION = YES;
				CLANG_WARN_OBJC_ROOT_CLASS = YES_ERROR;
				CLANG_WARN_UNREACHABLE_CODE = YES;
				CLANG_WARN__DUPLICATE_METHOD_MATCH = YES;
				COPY_PHASE_STRIP = NO;
				DEBUG_INFORMATION_FORMAT = "dwarf-with-dsym";
				ENABLE_STRICT_OBJC_MSGSEND = YES;
				ENABLE_TESTABILITY = YES;
				GCC_C_LANGUAGE_STANDARD = gnu99;
				GCC_DYNAMIC_NO_PIC = NO;
				GCC_NO_COMMON_BLOCKS = YES;
				GCC_OPTIMIZATION_LEVEL = 0;
				GCC_PREPROCESSOR_DEFINITIONS = (
					"DEBUG=1",
					"$(inherited)",
				);
				GCC_SYMBOLS_PRIVATE_EXTERN = NO;
				GCC_WARN_64_TO_32_BIT_CONVERSION = YES;
				GCC_WARN_ABOUT_RETURN_TYPE = YES_ERROR;
				GCC_WARN_UNDECLARED_SELECTOR = YES;
				GCC_WARN_UNINITIALIZED_AUTOS = YES_AGGRESSIVE;
				GCC_WARN_UNUSED_FUNCTION = YES;
				GCC_WARN_UNUSED_VARIABLE = YES;
				IPHONEOS_DEPLOYMENT_TARGET = 7.0;
				MTL_ENABLE_DEBUG_INFO = YES;
				ONLY_ACTIVE_ARCH = YES;
				SDKROOT = iphoneos;
			};
			name = Debug;
		};
		940C9AC21B9BB74900328168 /* Release */ = {
			isa = XCBuildConfiguration;
			buildSettings = {
				ALWAYS_SEARCH_USER_PATHS = NO;
				CLANG_CXX_LANGUAGE_STANDARD = "gnu++0x";
				CLANG_CXX_LIBRARY = "libc++";
				CLANG_ENABLE_MODULES = YES;
				CLANG_ENABLE_OBJC_ARC = YES;
				CLANG_WARN_BOOL_CONVERSION = YES;
				CLANG_WARN_CONSTANT_CONVERSION = YES;
				CLANG_WARN_DIRECT_OBJC_ISA_USAGE = YES_ERROR;
				CLANG_WARN_EMPTY_BODY = YES;
				CLANG_WARN_ENUM_CONVERSION = YES;
				CLANG_WARN_INT_CONVERSION = YES;
				CLANG_WARN_OBJC_ROOT_CLASS = YES_ERROR;
				CLANG_WARN_UNREACHABLE_CODE = YES;
				CLANG_WARN__DUPLICATE_METHOD_MATCH = YES;
				COPY_PHASE_STRIP = NO;
				DEBUG_INFORMATION_FORMAT = "dwarf-with-dsym";
				ENABLE_NS_ASSERTIONS = NO;
				ENABLE_STRICT_OBJC_MSGSEND = YES;
				GCC_C_LANGUAGE_STANDARD = gnu99;
				GCC_NO_COMMON_BLOCKS = YES;
				GCC_WARN_64_TO_32_BIT_CONVERSION = YES;
				GCC_WARN_ABOUT_RETURN_TYPE = YES_ERROR;
				GCC_WARN_UNDECLARED_SELECTOR = YES;
				GCC_WARN_UNINITIALIZED_AUTOS = YES_AGGRESSIVE;
				GCC_WARN_UNUSED_FUNCTION = YES;
				GCC_WARN_UNUSED_VARIABLE = YES;
				IPHONEOS_DEPLOYMENT_TARGET = 7.0;
				MTL_ENABLE_DEBUG_INFO = NO;
				SDKROOT = iphoneos;
				VALIDATE_PRODUCT = YES;
			};
			name = Release;
		};
		940C9AC41B9BB74900328168 /* Debug */ = {
			isa = XCBuildConfiguration;
			buildSettings = {
				CODE_SIGN_IDENTITY = "iPhone Developer";
				OTHER_LDFLAGS = "-ObjC";
				PRODUCT_NAME = "$(TARGET_NAME)";
				SKIP_INSTALL = YES;
			};
			name = Debug;
		};
		940C9AC51B9BB74900328168 /* Release */ = {
			isa = XCBuildConfiguration;
			buildSettings = {
				CODE_SIGN_IDENTITY = "iPhone Developer";
				OTHER_LDFLAGS = "-ObjC";
				PRODUCT_NAME = "$(TARGET_NAME)";
				SKIP_INSTALL = YES;
			};
			name = Release;
		};
		940C9AC71B9BB74900328168 /* Debug */ = {
			isa = XCBuildConfiguration;
			buildSettings = {
				"CODE_SIGN_IDENTITY[sdk=iphoneos*]" = "iPhone Developer";
				FRAMEWORK_SEARCH_PATHS = (
					"$(SDKROOT)/Developer/Library/Frameworks",
					"$(inherited)",
				);
				GCC_PREPROCESSOR_DEFINITIONS = (
					"DEBUG=1",
					"$(inherited)",
				);
				INFOPLIST_FILE = SuperpoweredXCodeWrapperTests/Info.plist;
				LD_RUNPATH_SEARCH_PATHS = "$(inherited) @executable_path/Frameworks @loader_path/Frameworks";
				PRODUCT_BUNDLE_IDENTIFIER = "com.bryon.$(PRODUCT_NAME:rfc1034identifier)";
				PRODUCT_NAME = "$(TARGET_NAME)";
			};
			name = Debug;
		};
		940C9AC81B9BB74900328168 /* Release */ = {
			isa = XCBuildConfiguration;
			buildSettings = {
				"CODE_SIGN_IDENTITY[sdk=iphoneos*]" = "iPhone Developer";
				FRAMEWORK_SEARCH_PATHS = (
					"$(SDKROOT)/Developer/Library/Frameworks",
					"$(inherited)",
				);
				INFOPLIST_FILE = SuperpoweredXCodeWrapperTests/Info.plist;
				LD_RUNPATH_SEARCH_PATHS = "$(inherited) @executable_path/Frameworks @loader_path/Frameworks";
				PRODUCT_BUNDLE_IDENTIFIER = "com.bryon.$(PRODUCT_NAME:rfc1034identifier)";
				PRODUCT_NAME = "$(TARGET_NAME)";
			};
			name = Release;
		};
/* End XCBuildConfiguration section */

/* Begin XCConfigurationList section */
		940C9AAA1B9BB74900328168 /* Build configuration list for PBXProject "SuperpoweredXCodeWrapper" */ = {
			isa = XCConfigurationList;
			buildConfigurations = (
				940C9AC11B9BB74900328168 /* Debug */,
				940C9AC21B9BB74900328168 /* Release */,
			);
			defaultConfigurationIsVisible = 0;
			defaultConfigurationName = Release;
		};
		940C9AC31B9BB74900328168 /* Build configuration list for PBXNativeTarget "SuperpoweredXCodeWrapper" */ = {
			isa = XCConfigurationList;
			buildConfigurations = (
				940C9AC41B9BB74900328168 /* Debug */,
				940C9AC51B9BB74900328168 /* Release */,
			);
			defaultConfigurationIsVisible = 0;
			defaultConfigurationName = Release;
		};
		940C9AC61B9BB74900328168 /* Build configuration list for PBXNativeTarget "SuperpoweredXCodeWrapperTests" */ = {
			isa = XCConfigurationList;
			buildConfigurations = (
				940C9AC71B9BB74900328168 /* Debug */,
				940C9AC81B9BB74900328168 /* Release */,
			);
			defaultConfigurationIsVisible = 0;
			defaultConfigurationName = Release;
		};
/* End XCConfigurationList section */
	};
	rootObject = 940C9AA71B9BB74900328168 /* Project object */;
}
